
Microsoft Visual Studio Solution File, Format Version 12.00
# Visual Studio Version 17
VisualStudioVersion = 17.11.35327.3
MinimumVisualStudioVersion = 10.0.40219.1
Project("{8BC9CEB8-8B4A-11D0-8D11-00A0C91BC942}") = "TP Integrador", "TP Integrador\TP Integrador.vcxproj", "{CA60FAC0-E3D3-41AC-8AF6-EA59D34B88C6}"
EndProject
Global
	GlobalSection(SolutionConfigurationPlatforms) = preSolution
		Debug|x64 = Debug|x64
		Debug|x86 = Debug|x86
		Release|x64 = Release|x64
		Release|x86 = Release|x86
	EndGlobalSection
	GlobalSection(ProjectConfigurationPlatforms) = postSolution
		{CA60FAC0-E3D3-41AC-8AF6-EA59D34B88C6}.Debug|x64.ActiveCfg = Debug|x64
		{CA60FAC0-E3D3-41AC-8AF6-EA59D34B88C6}.Debug|x64.Build.0 = Debug|x64
		{CA60FAC0-E3D3-41AC-8AF6-EA59D34B88C6}.Debug|x86.ActiveCfg = Debug|Win32
		{CA60FAC0-E3D3-41AC-8AF6-EA59D34B88C6}.Debug|x86.Build.0 = Debug|Win32
		{CA60FAC0-E3D3-41AC-8AF6-EA59D34B88C6}.Release|x64.ActiveCfg = Release|x64
		{CA60FAC0-E3D3-41AC-8AF6-EA59D34B88C6}.Release|x64.Build.0 = Release|x64
		{CA60FAC0-E3D3-41AC-8AF6-EA59D34B88C6}.Release|x86.ActiveCfg = Release|Win32
		{CA60FAC0-E3D3-41AC-8AF6-EA59D34B88C6}.Release|x86.Build.0 = Release|Win32
	EndGlobalSection
	GlobalSection(SolutionProperties) = preSolution
		HideSolutionNode = FALSE
	EndGlobalSection
	GlobalSection(ExtensibilityGlobals) = postSolution
		SolutionGuid = {9BF29A30-E46A-4C15-BA2E-0F122470E775}
	EndGlobalSection
EndGlobal
